
Microsoft Visual Studio Solution File, Format Version 12.00
# Visual Studio Version 17
VisualStudioVersion = 17.0.31903.59
MinimumVisualStudioVersion = 10.0.40219.1
Project("{FAE04EC0-301F-11D3-BF4B-00C04F79EFBC}") = "ChickenDesktopPet3D", "Pet3D\ChickenDesktopPet3D.csproj", "{CA310723-F569-4579-B621-4DAD66615B14}"
EndProject
Project("{2150E333-8FDC-42A3-9474-1A3956D46DE8}") = "Pet", "Pet", "{44CE4FBF-6D6A-C91E-4A58-8A7E780CDBC1}"
EndProject
Project("{FAE04EC0-301F-11D3-BF4B-00C04F79EFBC}") = "ChickenDesktopPet", "Pet\ChickenDesktopPet.csproj", "{EE8C07C9-7C29-4308-8FB4-A6F39A0DC5CB}"
EndProject
Global
	GlobalSection(SolutionConfigurationPlatforms) = preSolution
		Debug|Any CPU = Debug|Any CPU
		Debug|x64 = Debug|x64
		Debug|x86 = Debug|x86
		Release|Any CPU = Release|Any CPU
		Release|x64 = Release|x64
		Release|x86 = Release|x86
	EndGlobalSection
	GlobalSection(ProjectConfigurationPlatforms) = postSolution
		{CA310723-F569-4579-B621-4DAD66615B14}.Debug|Any CPU.ActiveCfg = Debug|Any CPU
		{CA310723-F569-4579-B621-4DAD66615B14}.Debug|Any CPU.Build.0 = Debug|Any CPU
		{CA310723-F569-4579-B621-4DAD66615B14}.Debug|x64.ActiveCfg = Debug|Any CPU
		{CA310723-F569-4579-B621-4DAD66615B14}.Debug|x64.Build.0 = Debug|Any CPU
		{CA310723-F569-4579-B621-4DAD66615B14}.Debug|x86.ActiveCfg = Debug|Any CPU
		{CA310723-F569-4579-B621-4DAD66615B14}.Debug|x86.Build.0 = Debug|Any CPU
		{CA310723-F569-4579-B621-4DAD66615B14}.Release|Any CPU.ActiveCfg = Release|Any CPU
		{CA310723-F569-4579-B621-4DAD66615B14}.Release|Any CPU.Build.0 = Release|Any CPU
		{CA310723-F569-4579-B621-4DAD66615B14}.Release|x64.ActiveCfg = Release|Any CPU
		{CA310723-F569-4579-B621-4DAD66615B14}.Release|x64.Build.0 = Release|Any CPU
		{CA310723-F569-4579-B621-4DAD66615B14}.Release|x86.ActiveCfg = Release|Any CPU
		{CA310723-F569-4579-B621-4DAD66615B14}.Release|x86.Build.0 = Release|Any CPU
		{EE8C07C9-7C29-4308-8FB4-A6F39A0DC5CB}.Debug|Any CPU.ActiveCfg = Debug|Any CPU
		{EE8C07C9-7C29-4308-8FB4-A6F39A0DC5CB}.Debug|Any CPU.Build.0 = Debug|Any CPU
		{EE8C07C9-7C29-4308-8FB4-A6F39A0DC5CB}.Debug|x64.ActiveCfg = Debug|Any CPU
		{EE8C07C9-7C29-4308-8FB4-A6F39A0DC5CB}.Debug|x64.Build.0 = Debug|Any CPU
		{EE8C07C9-7C29-4308-8FB4-A6F39A0DC5CB}.Debug|x86.ActiveCfg = Debug|Any CPU
		{EE8C07C9-7C29-4308-8FB4-A6F39A0DC5CB}.Debug|x86.Build.0 = Debug|Any CPU
		{EE8C07C9-7C29-4308-8FB4-A6F39A0DC5CB}.Release|Any CPU.ActiveCfg = Release|Any CPU
		{EE8C07C9-7C29-4308-8FB4-A6F39A0DC5CB}.Release|Any CPU.Build.0 = Release|Any CPU
		{EE8C07C9-7C29-4308-8FB4-A6F39A0DC5CB}.Release|x64.ActiveCfg = Release|Any CPU
		{EE8C07C9-7C29-4308-8FB4-A6F39A0DC5CB}.Release|x64.Build.0 = Release|Any CPU
		{EE8C07C9-7C29-4308-8FB4-A6F39A0DC5CB}.Release|x86.ActiveCfg = Release|Any CPU
		{EE8C07C9-7C29-4308-8FB4-A6F39A0DC5CB}.Release|x86.Build.0 = Release|Any CPU
	EndGlobalSection
	GlobalSection(SolutionProperties) = preSolution
		HideSolutionNode = FALSE
	EndGlobalSection
	GlobalSection(NestedProjects) = preSolution
		{EE8C07C9-7C29-4308-8FB4-A6F39A0DC5CB} = {44CE4FBF-6D6A-C91E-4A58-8A7E780CDBC1}
	EndGlobalSection
EndGlobal
